// !$*UTF8*$!
{
	archiveVersion = 1;
	classes = {
	};
	objectVersion = 77;
	objects = {

/* Begin PBXContainerItemProxy section */
		8BBD7B882D9625EA00BB5AAB /* PBXContainerItemProxy */ = {
			isa = PBXContainerItemProxy;
			containerPortal = 8BBD7B6F2D9625E800BB5AAB /* Project object */;
			proxyType = 1;
			remoteGlobalIDString = 8BBD7B762D9625E800BB5AAB;
			remoteInfo = GlobeCurrency;
		};
		8BBD7B922D9625EA00BB5AAB /* PBXContainerItemProxy */ = {
			isa = PBXContainerItemProxy;
			containerPortal = 8BBD7B6F2D9625E800BB5AAB /* Project object */;
			proxyType = 1;
			remoteGlobalIDString = 8BBD7B762D9625E800BB5AAB;
			remoteInfo = GlobeCurrency;
		};
/* End PBXContainerItemProxy section */

/* Begin PBXFileReference section */
		8BBD7B772D9625E800BB5AAB /* GlobeCurrency.app */ = {isa = PBXFileReference; explicitFileType = wrapper.application; includeInIndex = 0; path = GlobeCurrency.app; sourceTree = BUILT_PRODUCTS_DIR; };
		8BBD7B872D9625EA00BB5AAB /* GlobeCurrencyTests.xctest */ = {isa = PBXFileReference; explicitFileType = wrapper.cfbundle; includeInIndex = 0; path = GlobeCurrencyTests.xctest; sourceTree = BUILT_PRODUCTS_DIR; };
		8BBD7B912D9625EA00BB5AAB /* GlobeCurrencyUITests.xctest */ = {isa = PBXFileReference; explicitFileType = wrapper.cfbundle; includeInIndex = 0; path = GlobeCurrencyUITests.xctest; sourceTree = BUILT_PRODUCTS_DIR; };
/* End PBXFileReference section */

/* Begin PBXFileSystemSynchronizedBuildFileExceptionSet section */
		8BCF56FC2D982F61006C9A1F /* Exceptions for "GlobeCurrency" folder in "GlobeCurrency" target */ = {
			isa = PBXFileSystemSynchronizedBuildFileExceptionSet;
			membershipExceptions = (
				Info.plist,
			);
			target = 8BBD7B762D9625E800BB5AAB /* GlobeCurrency */;
		};
/* End PBXFileSystemSynchronizedBuildFileExceptionSet section */

/* Begin PBXFileSystemSynchronizedRootGroup section */
		8BBD7B792D9625E800BB5AAB /* GlobeCurrency */ = {
			isa = PBXFileSystemSynchronizedRootGroup;
			exceptions = (
				8BCF56FC2D982F61006C9A1F /* Exceptions for "GlobeCurrency" folder in "GlobeCurrency" target */,
			);
			path = GlobeCurrency;
			sourceTree = "<group>";
		};
		8BBD7B8A2D9625EA00BB5AAB /* GlobeCurrencyTests */ = {
			isa = PBXFileSystemSynchronizedRootGroup;
			path = GlobeCurrencyTests;
			sourceTree = "<group>";
		};
		8BBD7B942D9625EA00BB5AAB /* GlobeCurrencyUITests */ = {
			isa = PBXFileSystemSynchronizedRootGroup;
			path = GlobeCurrencyUITests;
			sourceTree = "<group>";
		};
/* End PBXFileSystemSynchronizedRootGroup section */

/* Begin PBXFrameworksBuildPhase section */
		8BBD7B742D9625E800BB5AAB /* Frameworks */ = {
			isa = PBXFrameworksBuildPhase;
			buildActionMask = 2147483647;
			files = (
			);
			runOnlyForDeploymentPostprocessing = 0;
		};
		8BBD7B842D9625EA00BB5AAB /* Frameworks */ = {
			isa = PBXFrameworksBuildPhase;
			buildActionMask = 2147483647;
			files = (
			);
			runOnlyForDeploymentPostprocessing = 0;
		};
		8BBD7B8E2D9625EA00BB5AAB /* Frameworks */ = {
			isa = PBXFrameworksBuildPhase;
			buildActionMask = 2147483647;
			files = (
			);
			runOnlyForDeploymentPostprocessing = 0;
		};
/* End PBXFrameworksBuildPhase section */

/* Begin PBXGroup section */
		8BBD7B6E2D9625E800BB5AAB = {
			isa = PBXGroup;
			children = (
				8BBD7B792D9625E800BB5AAB /* GlobeCurrency */,
				8BBD7B8A2D9625EA00BB5AAB /* GlobeCurrencyTests */,
				8BBD7B942D9625EA00BB5AAB /* GlobeCurrencyUITests */,
				8BBD7B782D9625E800BB5AAB /* Products */,
			);
			sourceTree = "<group>";
		};
		8BBD7B782D9625E800BB5AAB /* Products */ = {
			isa = PBXGroup;
			children = (
				8BBD7B772D9625E800BB5AAB /* GlobeCurrency.app */,
				8BBD7B872D9625EA00BB5AAB /* GlobeCurrencyTests.xctest */,
				8BBD7B912D9625EA00BB5AAB /* GlobeCurrencyUITests.xctest */,
			);
			name = Products;
			sourceTree = "<group>";
		};
/* End PBXGroup section */

/* Begin PBXNativeTarget section */
		8BBD7B762D9625E800BB5AAB /* GlobeCurrency */ = {
			isa = PBXNativeTarget;
			buildConfigurationList = 8BBD7B9B2D9625EA00BB5AAB /* Build configuration list for PBXNativeTarget "GlobeCurrency" */;
			buildPhases = (
				8BBD7B732D9625E800BB5AAB /* Sources */,
				8BBD7B742D9625E800BB5AAB /* Frameworks */,
				8BBD7B752D9625E800BB5AAB /* Resources */,
			);
			buildRules = (
			);
			dependencies = (
			);
			fileSystemSynchronizedGroups = (
				8BBD7B792D9625E800BB5AAB /* GlobeCurrency */,
			);
			name = GlobeCurrency;
			packageProductDependencies = (
			);
			productName = GlobeCurrency;
			productReference = 8BBD7B772D9625E800BB5AAB /* GlobeCurrency.app */;
			productType = "com.apple.product-type.application";
		};
		8BBD7B862D9625EA00BB5AAB /* GlobeCurrencyTests */ = {
			isa = PBXNativeTarget;
			buildConfigurationList = 8BBD7B9E2D9625EA00BB5AAB /* Build configuration list for PBXNativeTarget "GlobeCurrencyTests" */;
			buildPhases = (
				8BBD7B832D9625EA00BB5AAB /* Sources */,
				8BBD7B842D9625EA00BB5AAB /* Frameworks */,
				8BBD7B852D9625EA00BB5AAB /* Resources */,
			);
			buildRules = (
			);
			dependencies = (
				8BBD7B892D9625EA00BB5AAB /* PBXTargetDependency */,
			);
			fileSystemSynchronizedGroups = (
				8BBD7B8A2D9625EA00BB5AAB /* GlobeCurrencyTests */,
			);
			name = GlobeCurrencyTests;
			packageProductDependencies = (
			);
			productName = GlobeCurrencyTests;
			productReference = 8BBD7B872D9625EA00BB5AAB /* GlobeCurrencyTests.xctest */;
			productType = "com.apple.product-type.bundle.unit-test";
		};
		8BBD7B902D9625EA00BB5AAB /* GlobeCurrencyUITests */ = {
			isa = PBXNativeTarget;
			buildConfigurationList = 8BBD7BA12D9625EA00BB5AAB /* Build configuration list for PBXNativeTarget "GlobeCurrencyUITests" */;
			buildPhases = (
				8BBD7B8D2D9625EA00BB5AAB /* Sources */,
				8BBD7B8E2D9625EA00BB5AAB /* Frameworks */,
				8BBD7B8F2D9625EA00BB5AAB /* Resources */,
			);
			buildRules = (
			);
			dependencies = (
				8BBD7B932D9625EA00BB5AAB /* PBXTargetDependency */,
			);
			fileSystemSynchronizedGroups = (
				8BBD7B942D9625EA00BB5AAB /* GlobeCurrencyUITests */,
			);
			name = GlobeCurrencyUITests;
			packageProductDependencies = (
			);
			productName = GlobeCurrencyUITests;
			productReference = 8BBD7B912D9625EA00BB5AAB /* GlobeCurrencyUITests.xctest */;
			productType = "com.apple.product-type.bundle.ui-testing";
		};
/* End PBXNativeTarget section */

/* Begin PBXProject section */
		8BBD7B6F2D9625E800BB5AAB /* Project object */ = {
			isa = PBXProject;
			attributes = {
				BuildIndependentTargetsInParallel = 1;
				LastSwiftUpdateCheck = 1620;
				LastUpgradeCheck = 1620;
				TargetAttributes = {
					8BBD7B762D9625E800BB5AAB = {
						CreatedOnToolsVersion = 16.2;
					};
					8BBD7B862D9625EA00BB5AAB = {
						CreatedOnToolsVersion = 16.2;
						TestTargetID = 8BBD7B762D9625E800BB5AAB;
					};
					8BBD7B902D9625EA00BB5AAB = {
						CreatedOnToolsVersion = 16.2;
						TestTargetID = 8BBD7B762D9625E800BB5AAB;
					};
				};
			};
			buildConfigurationList = 8BBD7B722D9625E800BB5AAB /* Build configuration list for PBXProject "GlobeCurrency" */;
			developmentRegion = en;
			hasScannedForEncodings = 0;
			knownRegions = (
				en,
				Base,
			);
			mainGroup = 8BBD7B6E2D9625E800BB5AAB;
			minimizedProjectReferenceProxies = 1;
			preferredProjectObjectVersion = 77;
			productRefGroup = 8BBD7B782D9625E800BB5AAB /* Products */;
			projectDirPath = "";
			projectRoot = "";
			targets = (
				8BBD7B762D9625E800BB5AAB /* GlobeCurrency */,
				8BBD7B862D9625EA00BB5AAB /* GlobeCurrencyTests */,
				8BBD7B902D9625EA00BB5AAB /* GlobeCurrencyUITests */,
			);
		};
/* End PBXProject section */

/* Begin PBXResourcesBuildPhase section */
		8BBD7B752D9625E800BB5AAB /* Resources */ = {
			isa = PBXResourcesBuildPhase;
			buildActionMask = 2147483647;
			files = (
			);
			runOnlyForDeploymentPostprocessing = 0;
		};
		8BBD7B852D9625EA00BB5AAB /* Resources */ = {
			isa = PBXResourcesBuildPhase;
			buildActionMask = 2147483647;
			files = (
			);
			runOnlyForDeploymentPostprocessing = 0;
		};
		8BBD7B8F2D9625EA00BB5AAB /* Resources */ = {
			isa = PBXResourcesBuildPhase;
			buildActionMask = 2147483647;
			files = (
			);
			runOnlyForDeploymentPostprocessing = 0;
		};
/* End PBXResourcesBuildPhase section */

/* Begin PBXSourcesBuildPhase section */
		8BBD7B732D9625E800BB5AAB /* Sources */ = {
			isa = PBXSourcesBuildPhase;
			buildActionMask = 2147483647;
			files = (
			);
			runOnlyForDeploymentPostprocessing = 0;
		};
		8BBD7B832D9625EA00BB5AAB /* Sources */ = {
			isa = PBXSourcesBuildPhase;
			buildActionMask = 2147483647;
			files = (
			);
			runOnlyForDeploymentPostprocessing = 0;
		};
		8BBD7B8D2D9625EA00BB5AAB /* Sources */ = {
			isa = PBXSourcesBuildPhase;
			buildActionMask = 2147483647;
			files = (
			);
			runOnlyForDeploymentPostprocessing = 0;
		};
/* End PBXSourcesBuildPhase section */

/* Begin PBXTargetDependency section */
		8BBD7B892D9625EA00BB5AAB /* PBXTargetDependency */ = {
			isa = PBXTargetDependency;
			target = 8BBD7B762D9625E800BB5AAB /* GlobeCurrency */;
			targetProxy = 8BBD7B882D9625EA00BB5AAB /* PBXContainerItemProxy */;
		};
		8BBD7B932D9625EA00BB5AAB /* PBXTargetDependency */ = {
			isa = PBXTargetDependency;
			target = 8BBD7B762D9625E800BB5AAB /* GlobeCurrency */;
			targetProxy = 8BBD7B922D9625EA00BB5AAB /* PBXContainerItemProxy */;
		};
/* End PBXTargetDependency section */

/* Begin XCBuildConfiguration section */
		8BBD7B992D9625EA00BB5AAB /* Debug */ = {
			isa = XCBuildConfiguration;
			buildSettings = {
				ALWAYS_SEARCH_USER_PATHS = NO;
				ASSETCATALOG_COMPILER_GENERATE_SWIFT_ASSET_SYMBOL_EXTENSIONS = YES;
				CLANG_ANALYZER_NONNULL = YES;
				CLANG_ANALYZER_NUMBER_OBJECT_CONVERSION = YES_AGGRESSIVE;
				CLANG_CXX_LANGUAGE_STANDARD = "gnu++20";
				CLANG_ENABLE_MODULES = YES;
				CLANG_ENABLE_OBJC_ARC = YES;
				CLANG_ENABLE_OBJC_WEAK = YES;
				CLANG_WARN_BLOCK_CAPTURE_AUTORELEASING = YES;
				CLANG_WARN_BOOL_CONVERSION = YES;
				CLANG_WARN_COMMA = YES;
				CLANG_WARN_CONSTANT_CONVERSION = YES;
				CLANG_WARN_DEPRECATED_OBJC_IMPLEMENTATIONS = YES;
				CLANG_WARN_DIRECT_OBJC_ISA_USAGE = YES_ERROR;
				CLANG_WARN_DOCUMENTATION_COMMENTS = YES;
				CLANG_WARN_EMPTY_BODY = YES;
				CLANG_WARN_ENUM_CONVERSION = YES;
				CLANG_WARN_INFINITE_RECURSION = YES;
				CLANG_WARN_INT_CONVERSION = YES;
				CLANG_WARN_NON_LITERAL_NULL_CONVERSION = YES;
				CLANG_WARN_OBJC_IMPLICIT_RETAIN_SELF = YES;
				CLANG_WARN_OBJC_LITERAL_CONVERSION = YES;
				CLANG_WARN_OBJC_ROOT_CLASS = YES_ERROR;
				CLANG_WARN_QUOTED_INCLUDE_IN_FRAMEWORK_HEADER = YES;
				CLANG_WARN_RANGE_LOOP_ANALYSIS = YES;
				CLANG_WARN_STRICT_PROTOTYPES = YES;
				CLANG_WARN_SUSPICIOUS_MOVE = YES;
				CLANG_WARN_UNGUARDED_AVAILABILITY = YES_AGGRESSIVE;
				CLANG_WARN_UNREACHABLE_CODE = YES;
				CLANG_WARN__DUPLICATE_METHOD_MATCH = YES;
				COPY_PHASE_STRIP = NO;
				DEBUG_INFORMATION_FORMAT = dwarf;
				ENABLE_STRICT_OBJC_MSGSEND = YES;
				ENABLE_TESTABILITY = YES;
				ENABLE_USER_SCRIPT_SANDBOXING = YES;
				GCC_C_LANGUAGE_STANDARD = gnu17;
				GCC_DYNAMIC_NO_PIC = NO;
				GCC_NO_COMMON_BLOCKS = YES;
				GCC_OPTIMIZATION_LEVEL = 0;
				GCC_PREPROCESSOR_DEFINITIONS = (
					"DEBUG=1",
					"$(inherited)",
				);
				GCC_WARN_64_TO_32_BIT_CONVERSION = YES;
				GCC_WARN_ABOUT_RETURN_TYPE = YES_ERROR;
				GCC_WARN_UNDECLARED_SELECTOR = YES;
				GCC_WARN_UNINITIALIZED_AUTOS = YES_AGGRESSIVE;
				GCC_WARN_UNUSED_FUNCTION = YES;
				GCC_WARN_UNUSED_VARIABLE = YES;
				IPHONEOS_DEPLOYMENT_TARGET = 18.2;
				LOCALIZATION_PREFERS_STRING_CATALOGS = YES;
				MTL_ENABLE_DEBUG_INFO = INCLUDE_SOURCE;
				MTL_FAST_MATH = YES;
				ONLY_ACTIVE_ARCH = YES;
				SDKROOT = iphoneos;
				SWIFT_ACTIVE_COMPILATION_CONDITIONS = "DEBUG $(inherited)";
				SWIFT_OPTIMIZATION_LEVEL = "-Onone";
			};
			name = Debug;
		};
		8BBD7B9A2D9625EA00BB5AAB /* Release */ = {
			isa = XCBuildConfiguration;
			buildSettings = {
				ALWAYS_SEARCH_USER_PATHS = NO;
				ASSETCATALOG_COMPILER_GENERATE_SWIFT_ASSET_SYMBOL_EXTENSIONS = YES;
				CLANG_ANALYZER_NONNULL = YES;
				CLANG_ANALYZER_NUMBER_OBJECT_CONVERSION = YES_AGGRESSIVE;
				CLANG_CXX_LANGUAGE_STANDARD = "gnu++20";
				CLANG_ENABLE_MODULES = YES;
				CLANG_ENABLE_OBJC_ARC = YES;
				CLANG_ENABLE_OBJC_WEAK = YES;
				CLANG_WARN_BLOCK_CAPTURE_AUTORELEASING = YES;
				CLANG_WARN_BOOL_CONVERSION = YES;
				CLANG_WARN_COMMA = YES;
				CLANG_WARN_CONSTANT_CONVERSION = YES;
				CLANG_WARN_DEPRECATED_OBJC_IMPLEMENTATIONS = YES;
				CLANG_WARN_DIRECT_OBJC_ISA_USAGE = YES_ERROR;
				CLANG_WARN_DOCUMENTATION_COMMENTS = YES;
				CLANG_WARN_EMPTY_BODY = YES;
				CLANG_WARN_ENUM_CONVERSION = YES;
				CLANG_WARN_INFINITE_RECURSION = YES;
				CLANG_WARN_INT_CONVERSION = YES;
				CLANG_WARN_NON_LITERAL_NULL_CONVERSION = YES;
				CLANG_WARN_OBJC_IMPLICIT_RETAIN_SELF = YES;
				CLANG_WARN_OBJC_LITERAL_CONVERSION = YES;
				CLANG_WARN_OBJC_ROOT_CLASS = YES_ERROR;
				CLANG_WARN_QUOTED_INCLUDE_IN_FRAMEWORK_HEADER = YES;
				CLANG_WARN_RANGE_LOOP_ANALYSIS = YES;
				CLANG_WARN_STRICT_PROTOTYPES = YES;
				CLANG_WARN_SUSPICIOUS_MOVE = YES;
				CLANG_WARN_UNGUARDED_AVAILABILITY = YES_AGGRESSIVE;
				CLANG_WARN_UNREACHABLE_CODE = YES;
				CLANG_WARN__DUPLICATE_METHOD_MATCH = YES;
				COPY_PHASE_STRIP = NO;
				DEBUG_INFORMATION_FORMAT = "dwarf-with-dsym";
				ENABLE_NS_ASSERTIONS = NO;
				ENABLE_STRICT_OBJC_MSGSEND = YES;
				ENABLE_USER_SCRIPT_SANDBOXING = YES;
				GCC_C_LANGUAGE_STANDARD = gnu17;
				GCC_NO_COMMON_BLOCKS = YES;
				GCC_WARN_64_TO_32_BIT_CONVERSION = YES;
				GCC_WARN_ABOUT_RETURN_TYPE = YES_ERROR;
				GCC_WARN_UNDECLARED_SELECTOR = YES;
				GCC_WARN_UNINITIALIZED_AUTOS = YES_AGGRESSIVE;
				GCC_WARN_UNUSED_FUNCTION = YES;
				GCC_WARN_UNUSED_VARIABLE = YES;
				IPHONEOS_DEPLOYMENT_TARGET = 18.2;
				LOCALIZATION_PREFERS_STRING_CATALOGS = YES;
				MTL_ENABLE_DEBUG_INFO = NO;
				MTL_FAST_MATH = YES;
				SDKROOT = iphoneos;
				SWIFT_COMPILATION_MODE = wholemodule;
				VALIDATE_PRODUCT = YES;
			};
			name = Release;
		};
		8BBD7B9C2D9625EA00BB5AAB /* Debug */ = {
			isa = XCBuildConfiguration;
			buildSettings = {
				ASSETCATALOG_COMPILER_APPICON_NAME = AppIcon;
				ASSETCATALOG_COMPILER_GLOBAL_ACCENT_COLOR_NAME = AccentColor;
				CODE_SIGN_STYLE = Automatic;
				CURRENT_PROJECT_VERSION = 1;
				DEVELOPMENT_ASSET_PATHS = "\"GlobeCurrency/Preview Content\"";
				DEVELOPMENT_TEAM = ZM4X8J4HCT;
				ENABLE_PREVIEWS = YES;
				GENERATE_INFOPLIST_FILE = YES;
				INFOPLIST_FILE = GlobeCurrency/Info.plist;
				INFOPLIST_KEY_NSLocationAlwaysUsageDescription = "Globe Currency wants your location permission to provide you with your country updates";
				INFOPLIST_KEY_NSLocationWhenInUseUsageDescription = "Globe Currency wants your location permission to provide you with your country updates";
				INFOPLIST_KEY_UIApplicationSceneManifest_Generation = YES;
				INFOPLIST_KEY_UIApplicationSupportsIndirectInputEvents = YES;
				INFOPLIST_KEY_UILaunchScreen_Generation = YES;
				INFOPLIST_KEY_UISupportedInterfaceOrientations_iPad = "UIInterfaceOrientationPortrait UIInterfaceOrientationPortraitUpsideDown UIInterfaceOrientationLandscapeLeft UIInterfaceOrientationLandscapeRight";
				INFOPLIST_KEY_UISupportedInterfaceOrientations_iPhone = "UIInterfaceOrientationPortrait UIInterfaceOrientationLandscapeLeft UIInterfaceOrientationLandscapeRight";
				LD_RUNPATH_SEARCH_PATHS = (
					"$(inherited)",
					"@executable_path/Frameworks",
				);
				MARKETING_VERSION = 1.0;
				PRODUCT_BUNDLE_IDENTIFIER = com.fareed.GlobeCurrency;
				PRODUCT_NAME = "$(TARGET_NAME)";
				SWIFT_EMIT_LOC_STRINGS = YES;
				SWIFT_VERSION = 5.0;
				TARGETED_DEVICE_FAMILY = "1,2";
			};
			name = Debug;
		};
		8BBD7B9D2D9625EA00BB5AAB /* Release */ = {
			isa = XCBuildConfiguration;
			buildSettings = {
				ASSETCATALOG_COMPILER_APPICON_NAME = AppIcon;
				ASSETCATALOG_COMPILER_GLOBAL_ACCENT_COLOR_NAME = AccentColor;
				CODE_SIGN_STYLE = Automatic;
				CURRENT_PROJECT_VERSION = 1;
				DEVELOPMENT_ASSET_PATHS = "\"GlobeCurrency/Preview Content\"";
				DEVELOPMENT_TEAM = ZM4X8J4HCT;
				ENABLE_PREVIEWS = YES;
				GENERATE_INFOPLIST_FILE = YES;
				INFOPLIST_FILE = GlobeCurrency/Info.plist;
				INFOPLIST_KEY_NSLocationAlwaysUsageDescription = "Globe Currency wants your location permission to provide you with your country updates";
				INFOPLIST_KEY_NSLocationWhenInUseUsageDescription = "Globe Currency wants your location permission to provide you with your country updates";
				INFOPLIST_KEY_UIApplicationSceneManifest_Generation = YES;
				INFOPLIST_KEY_UIApplicationSupportsIndirectInputEvents = YES;
				INFOPLIST_KEY_UILaunchScreen_Generation = YES;
				INFOPLIST_KEY_UISupportedInterfaceOrientations_iPad = "UIInterfaceOrientationPortrait UIInterfaceOrientationPortraitUpsideDown UIInterfaceOrientationLandscapeLeft UIInterfaceOrientationLandscapeRight";
				INFOPLIST_KEY_UISupportedInterfaceOrientations_iPhone = "UIInterfaceOrientationPortrait UIInterfaceOrientationLandscapeLeft UIInterfaceOrientationLandscapeRight";
				LD_RUNPATH_SEARCH_PATHS = (
					"$(inherited)",
					"@executable_path/Frameworks",
				);
				MARKETING_VERSION = 1.0;
				PRODUCT_BUNDLE_IDENTIFIER = com.fareed.GlobeCurrency;
				PRODUCT_NAME = "$(TARGET_NAME)";
				SWIFT_EMIT_LOC_STRINGS = YES;
				SWIFT_VERSION = 5.0;
				TARGETED_DEVICE_FAMILY = "1,2";
			};
			name = Release;
		};
		8BBD7B9F2D9625EA00BB5AAB /* Debug */ = {
			isa = XCBuildConfiguration;
			buildSettings = {
				BUNDLE_LOADER = "$(TEST_HOST)";
				CODE_SIGN_STYLE = Automatic;
				CURRENT_PROJECT_VERSION = 1;
				DEVELOPMENT_TEAM = ZM4X8J4HCT;
				GENERATE_INFOPLIST_FILE = YES;
				IPHONEOS_DEPLOYMENT_TARGET = 18.2;
				MARKETING_VERSION = 1.0;
				PRODUCT_BUNDLE_IDENTIFIER = com.fareed.GlobeCurrencyTests;
				PRODUCT_NAME = "$(TARGET_NAME)";
				SWIFT_EMIT_LOC_STRINGS = NO;
				SWIFT_VERSION = 5.0;
				TARGETED_DEVICE_FAMILY = "1,2";
				TEST_HOST = "$(BUILT_PRODUCTS_DIR)/GlobeCurrency.app/$(BUNDLE_EXECUTABLE_FOLDER_PATH)/GlobeCurrency";
			};
			name = Debug;
		};
		8BBD7BA02D9625EA00BB5AAB /* Release */ = {
			isa = XCBuildConfiguration;
			buildSettings = {
				BUNDLE_LOADER = "$(TEST_HOST)";
				CODE_SIGN_STYLE = Automatic;
				CURRENT_PROJECT_VERSION = 1;
				DEVELOPMENT_TEAM = ZM4X8J4HCT;
				GENERATE_INFOPLIST_FILE = YES;
				IPHONEOS_DEPLOYMENT_TARGET = 18.2;
				MARKETING_VERSION = 1.0;
				PRODUCT_BUNDLE_IDENTIFIER = com.fareed.GlobeCurrencyTests;
				PRODUCT_NAME = "$(TARGET_NAME)";
				SWIFT_EMIT_LOC_STRINGS = NO;
				SWIFT_VERSION = 5.0;
				TARGETED_DEVICE_FAMILY = "1,2";
				TEST_HOST = "$(BUILT_PRODUCTS_DIR)/GlobeCurrency.app/$(BUNDLE_EXECUTABLE_FOLDER_PATH)/GlobeCurrency";
			};
			name = Release;
		};
		8BBD7BA22D9625EA00BB5AAB /* Debug */ = {
			isa = XCBuildConfiguration;
			buildSettings = {
				CODE_SIGN_STYLE = Automatic;
				CURRENT_PROJECT_VERSION = 1;
				DEVELOPMENT_TEAM = ZM4X8J4HCT;
				GENERATE_INFOPLIST_FILE = YES;
				MARKETING_VERSION = 1.0;
				PRODUCT_BUNDLE_IDENTIFIER = com.fareed.GlobeCurrencyUITests;
				PRODUCT_NAME = "$(TARGET_NAME)";
				SWIFT_EMIT_LOC_STRINGS = NO;
				SWIFT_VERSION = 5.0;
				TARGETED_DEVICE_FAMILY = "1,2";
				TEST_TARGET_NAME = GlobeCurrency;
			};
			name = Debug;
		};
		8BBD7BA32D9625EA00BB5AAB /* Release */ = {
			isa = XCBuildConfiguration;
			buildSettings = {
				CODE_SIGN_STYLE = Automatic;
				CURRENT_PROJECT_VERSION = 1;
				DEVELOPMENT_TEAM = ZM4X8J4HCT;
				GENERATE_INFOPLIST_FILE = YES;
				MARKETING_VERSION = 1.0;
				PRODUCT_BUNDLE_IDENTIFIER = com.fareed.GlobeCurrencyUITests;
				PRODUCT_NAME = "$(TARGET_NAME)";
				SWIFT_EMIT_LOC_STRINGS = NO;
				SWIFT_VERSION = 5.0;
				TARGETED_DEVICE_FAMILY = "1,2";
				TEST_TARGET_NAME = GlobeCurrency;
			};
			name = Release;
		};
/* End XCBuildConfiguration section */

/* Begin XCConfigurationList section */
		8BBD7B722D9625E800BB5AAB /* Build configuration list for PBXProject "GlobeCurrency" */ = {
			isa = XCConfigurationList;
			buildConfigurations = (
				8BBD7B992D9625EA00BB5AAB /* Debug */,
				8BBD7B9A2D9625EA00BB5AAB /* Release */,
			);
			defaultConfigurationIsVisible = 0;
			defaultConfigurationName = Release;
		};
		8BBD7B9B2D9625EA00BB5AAB /* Build configuration list for PBXNativeTarget "GlobeCurrency" */ = {
			isa = XCConfigurationList;
			buildConfigurations = (
				8BBD7B9C2D9625EA00BB5AAB /* Debug */,
				8BBD7B9D2D9625EA00BB5AAB /* Release */,
			);
			defaultConfigurationIsVisible = 0;
			defaultConfigurationName = Release;
		};
		8BBD7B9E2D9625EA00BB5AAB /* Build configuration list for PBXNativeTarget "GlobeCurrencyTests" */ = {
			isa = XCConfigurationList;
			buildConfigurations = (
				8BBD7B9F2D9625EA00BB5AAB /* Debug */,
				8BBD7BA02D9625EA00BB5AAB /* Release */,
			);
			defaultConfigurationIsVisible = 0;
			defaultConfigurationName = Release;
		};
		8BBD7BA12D9625EA00BB5AAB /* Build configuration list for PBXNativeTarget "GlobeCurrencyUITests" */ = {
			isa = XCConfigurationList;
			buildConfigurations = (
				8BBD7BA22D9625EA00BB5AAB /* Debug */,
				8BBD7BA32D9625EA00BB5AAB /* Release */,
			);
			defaultConfigurationIsVisible = 0;
			defaultConfigurationName = Release;
		};
/* End XCConfigurationList section */
	};
	rootObject = 8BBD7B6F2D9625E800BB5AAB /* Project object */;
}
